
Microsoft Visual Studio Solution File, Format Version 12.00
# Visual Studio Version 17
VisualStudioVersion = 17.5.33627.172
MinimumVisualStudioVersion = 10.0.40219.1
Project("{FAE04EC0-301F-11D3-BF4B-00C04F79EFBC}") = "io-book-project", "io-book-project\io-book-project.csproj", "{09E5C978-7DD2-4EB8-B4A2-3DDB308AA0E8}"
EndProject
Global
	GlobalSection(SolutionConfigurationPlatforms) = preSolution
		Debug|Any CPU = Debug|Any CPU
		Release|Any CPU = Release|Any CPU
	EndGlobalSection
	GlobalSection(ProjectConfigurationPlatforms) = postSolution
		{09E5C978-7DD2-4EB8-B4A2-3DDB308AA0E8}.Debug|Any CPU.ActiveCfg = Debug|Any CPU
		{09E5C978-7DD2-4EB8-B4A2-3DDB308AA0E8}.Debug|Any CPU.Build.0 = Debug|Any CPU
		{09E5C978-7DD2-4EB8-B4A2-3DDB308AA0E8}.Release|Any CPU.ActiveCfg = Release|Any CPU
		{09E5C978-7DD2-4EB8-B4A2-3DDB308AA0E8}.Release|Any CPU.Build.0 = Release|Any CPU
	EndGlobalSection
	GlobalSection(SolutionProperties) = preSolution
		HideSolutionNode = FALSE
	EndGlobalSection
	GlobalSection(ExtensibilityGlobals) = postSolution
		SolutionGuid = {FDF3B9BF-0D23-4C03-8143-FE76A4259285}
	EndGlobalSection
EndGlobal
